
Microsoft Visual Studio Solution File, Format Version 12.00
# Visual Studio Version 16
VisualStudioVersion = 16.0.34114.132
MinimumVisualStudioVersion = 10.0.40219.1
Project("{9A19103F-16F7-4668-BE54-9A1E7A4F7556}") = "Microsservices.Products.Domain", "Microsservices.Products.Domain\Microsservices.Products.Domain.csproj", "{73499751-26D3-46A6-B263-D7A91E667E0F}"
EndProject
Project("{9A19103F-16F7-4668-BE54-9A1E7A4F7556}") = "Microsservices.Products.Infra", "Microsservices.Products.Infra\Microsservices.Products.Infra.csproj", "{32C597C3-82AC-44C1-A8BF-0D5979DF8218}"
EndProject
Project("{9A19103F-16F7-4668-BE54-9A1E7A4F7556}") = "Microsservices.Products.Application", "Microsservices.Products.Application\Microsservices.Products.Application.csproj", "{3CC7EEDC-AF61-4496-B55F-3DEE394CCD1D}"
EndProject
Project("{9A19103F-16F7-4668-BE54-9A1E7A4F7556}") = "Microsservices.Products.Api", "Microsservices.Products.Api\Microsservices.Products.Api.csproj", "{845E6084-81E5-4742-A5F8-1A1E4A10E4D4}"
EndProject
Project("{FAE04EC0-301F-11D3-BF4B-00C04F79EFBC}") = "Microsservices.Products.Console", "Microsservices.Products.Console\Microsservices.Products.Console.csproj", "{EBCA7BE6-52CE-4ACC-9D1B-04675A461714}"
EndProject
Global
	GlobalSection(SolutionConfigurationPlatforms) = preSolution
		Debug|Any CPU = Debug|Any CPU
		Release|Any CPU = Release|Any CPU
	EndGlobalSection
	GlobalSection(ProjectConfigurationPlatforms) = postSolution
		{73499751-26D3-46A6-B263-D7A91E667E0F}.Debug|Any CPU.ActiveCfg = Debug|Any CPU
		{73499751-26D3-46A6-B263-D7A91E667E0F}.Debug|Any CPU.Build.0 = Debug|Any CPU
		{73499751-26D3-46A6-B263-D7A91E667E0F}.Release|Any CPU.ActiveCfg = Release|Any CPU
		{73499751-26D3-46A6-B263-D7A91E667E0F}.Release|Any CPU.Build.0 = Release|Any CPU
		{32C597C3-82AC-44C1-A8BF-0D5979DF8218}.Debug|Any CPU.ActiveCfg = Debug|Any CPU
		{32C597C3-82AC-44C1-A8BF-0D5979DF8218}.Debug|Any CPU.Build.0 = Debug|Any CPU
		{32C597C3-82AC-44C1-A8BF-0D5979DF8218}.Release|Any CPU.ActiveCfg = Release|Any CPU
		{32C597C3-82AC-44C1-A8BF-0D5979DF8218}.Release|Any CPU.Build.0 = Release|Any CPU
		{3CC7EEDC-AF61-4496-B55F-3DEE394CCD1D}.Debug|Any CPU.ActiveCfg = Debug|Any CPU
		{3CC7EEDC-AF61-4496-B55F-3DEE394CCD1D}.Debug|Any CPU.Build.0 = Debug|Any CPU
		{3CC7EEDC-AF61-4496-B55F-3DEE394CCD1D}.Release|Any CPU.ActiveCfg = Release|Any CPU
		{3CC7EEDC-AF61-4496-B55F-3DEE394CCD1D}.Release|Any CPU.Build.0 = Release|Any CPU
		{845E6084-81E5-4742-A5F8-1A1E4A10E4D4}.Debug|Any CPU.ActiveCfg = Debug|Any CPU
		{845E6084-81E5-4742-A5F8-1A1E4A10E4D4}.Debug|Any CPU.Build.0 = Debug|Any CPU
		{845E6084-81E5-4742-A5F8-1A1E4A10E4D4}.Release|Any CPU.ActiveCfg = Release|Any CPU
		{845E6084-81E5-4742-A5F8-1A1E4A10E4D4}.Release|Any CPU.Build.0 = Release|Any CPU
		{EBCA7BE6-52CE-4ACC-9D1B-04675A461714}.Debug|Any CPU.ActiveCfg = Debug|Any CPU
		{EBCA7BE6-52CE-4ACC-9D1B-04675A461714}.Debug|Any CPU.Build.0 = Debug|Any CPU
		{EBCA7BE6-52CE-4ACC-9D1B-04675A461714}.Release|Any CPU.ActiveCfg = Release|Any CPU
		{EBCA7BE6-52CE-4ACC-9D1B-04675A461714}.Release|Any CPU.Build.0 = Release|Any CPU
	EndGlobalSection
	GlobalSection(SolutionProperties) = preSolution
		HideSolutionNode = FALSE
	EndGlobalSection
	GlobalSection(ExtensibilityGlobals) = postSolution
		SolutionGuid = {09225AD4-8E93-4E87-9023-7CAEE59AFE51}
	EndGlobalSection
EndGlobal
